// !$*UTF8*$!
{
	archiveVersion = 1;
	classes = {
	};
	objectVersion = 56;
	objects = {

/* Begin PBXBuildFile section */
		A62AEEE52B967466003ECB8E /* quotimalApp.swift in Sources */ = {isa = PBXBuildFile; fileRef = A62AEEE42B967466003ECB8E /* quotimalApp.swift */; };
		A62AEEE72B967466003ECB8E /* ContentView.swift in Sources */ = {isa = PBXBuildFile; fileRef = A62AEEE62B967466003ECB8E /* ContentView.swift */; };
		A62AEEE92B967467003ECB8E /* Assets.xcassets in Resources */ = {isa = PBXBuildFile; fileRef = A62AEEE82B967467003ECB8E /* Assets.xcassets */; };
		A62AEEEC2B967467003ECB8E /* Preview Assets.xcassets in Resources */ = {isa = PBXBuildFile; fileRef = A62AEEEB2B967467003ECB8E /* Preview Assets.xcassets */; };
		A62AEEF62B967468003ECB8E /* quotimalTests.swift in Sources */ = {isa = PBXBuildFile; fileRef = A62AEEF52B967468003ECB8E /* quotimalTests.swift */; };
		A62AEF002B967468003ECB8E /* quotimalUITests.swift in Sources */ = {isa = PBXBuildFile; fileRef = A62AEEFF2B967468003ECB8E /* quotimalUITests.swift */; };
		A62AEF022B967468003ECB8E /* quotimalUITestsLaunchTests.swift in Sources */ = {isa = PBXBuildFile; fileRef = A62AEF012B967468003ECB8E /* quotimalUITestsLaunchTests.swift */; };
/* End PBXBuildFile section */

/* Begin PBXContainerItemProxy section */
		A62AEEF22B967468003ECB8E /* PBXContainerItemProxy */ = {
			isa = PBXContainerItemProxy;
			containerPortal = A62AEED92B967466003ECB8E /* Project object */;
			proxyType = 1;
			remoteGlobalIDString = A62AEEE02B967466003ECB8E;
			remoteInfo = quotimal;
		};
		A62AEEFC2B967468003ECB8E /* PBXContainerItemProxy */ = {
			isa = PBXContainerItemProxy;
			containerPortal = A62AEED92B967466003ECB8E /* Project object */;
			proxyType = 1;
			remoteGlobalIDString = A62AEEE02B967466003ECB8E;
			remoteInfo = quotimal;
		};
/* End PBXContainerItemProxy section */

/* Begin PBXFileReference section */
		A62AEEE12B967466003ECB8E /* quotimal.app */ = {isa = PBXFileReference; explicitFileType = wrapper.application; includeInIndex = 0; path = quotimal.app; sourceTree = BUILT_PRODUCTS_DIR; };
		A62AEEE42B967466003ECB8E /* quotimalApp.swift */ = {isa = PBXFileReference; lastKnownFileType = sourcecode.swift; path = quotimalApp.swift; sourceTree = "<group>"; };
		A62AEEE62B967466003ECB8E /* ContentView.swift */ = {isa = PBXFileReference; lastKnownFileType = sourcecode.swift; path = ContentView.swift; sourceTree = "<group>"; };
		A62AEEE82B967467003ECB8E /* Assets.xcassets */ = {isa = PBXFileReference; lastKnownFileType = folder.assetcatalog; path = Assets.xcassets; sourceTree = "<group>"; };
		A62AEEEB2B967467003ECB8E /* Preview Assets.xcassets */ = {isa = PBXFileReference; lastKnownFileType = folder.assetcatalog; path = "Preview Assets.xcassets"; sourceTree = "<group>"; };
		A62AEEF12B967468003ECB8E /* quotimalTests.xctest */ = {isa = PBXFileReference; explicitFileType = wrapper.cfbundle; includeInIndex = 0; path = quotimalTests.xctest; sourceTree = BUILT_PRODUCTS_DIR; };
		A62AEEF52B967468003ECB8E /* quotimalTests.swift */ = {isa = PBXFileReference; lastKnownFileType = sourcecode.swift; path = quotimalTests.swift; sourceTree = "<group>"; };
		A62AEEFB2B967468003ECB8E /* quotimalUITests.xctest */ = {isa = PBXFileReference; explicitFileType = wrapper.cfbundle; includeInIndex = 0; path = quotimalUITests.xctest; sourceTree = BUILT_PRODUCTS_DIR; };
		A62AEEFF2B967468003ECB8E /* quotimalUITests.swift */ = {isa = PBXFileReference; lastKnownFileType = sourcecode.swift; path = quotimalUITests.swift; sourceTree = "<group>"; };
		A62AEF012B967468003ECB8E /* quotimalUITestsLaunchTests.swift */ = {isa = PBXFileReference; lastKnownFileType = sourcecode.swift; path = quotimalUITestsLaunchTests.swift; sourceTree = "<group>"; };
/* End PBXFileReference section */

/* Begin PBXFrameworksBuildPhase section */
		A62AEEDE2B967466003ECB8E /* Frameworks */ = {
			isa = PBXFrameworksBuildPhase;
			buildActionMask = 2147483647;
			files = (
			);
			runOnlyForDeploymentPostprocessing = 0;
		};
		A62AEEEE2B967468003ECB8E /* Frameworks */ = {
			isa = PBXFrameworksBuildPhase;
			buildActionMask = 2147483647;
			files = (
			);
			runOnlyForDeploymentPostprocessing = 0;
		};
		A62AEEF82B967468003ECB8E /* Frameworks */ = {
			isa = PBXFrameworksBuildPhase;
			buildActionMask = 2147483647;
			files = (
			);
			runOnlyForDeploymentPostprocessing = 0;
		};
/* End PBXFrameworksBuildPhase section */

/* Begin PBXGroup section */
		A62AEED82B967466003ECB8E = {
			isa = PBXGroup;
			children = (
				A62AEEE32B967466003ECB8E /* quotimal */,
				A62AEEF42B967468003ECB8E /* quotimalTests */,
				A62AEEFE2B967468003ECB8E /* quotimalUITests */,
				A62AEEE22B967466003ECB8E /* Products */,
			);
			sourceTree = "<group>";
		};
		A62AEEE22B967466003ECB8E /* Products */ = {
			isa = PBXGroup;
			children = (
				A62AEEE12B967466003ECB8E /* quotimal.app */,
				A62AEEF12B967468003ECB8E /* quotimalTests.xctest */,
				A62AEEFB2B967468003ECB8E /* quotimalUITests.xctest */,
			);
			name = Products;
			sourceTree = "<group>";
		};
		A62AEEE32B967466003ECB8E /* quotimal */ = {
			isa = PBXGroup;
			children = (
				A62AEEE42B967466003ECB8E /* quotimalApp.swift */,
				A62AEEE62B967466003ECB8E /* ContentView.swift */,
				A62AEEE82B967467003ECB8E /* Assets.xcassets */,
				A62AEEEA2B967467003ECB8E /* Preview Content */,
			);
			path = quotimal;
			sourceTree = "<group>";
		};
		A62AEEEA2B967467003ECB8E /* Preview Content */ = {
			isa = PBXGroup;
			children = (
				A62AEEEB2B967467003ECB8E /* Preview Assets.xcassets */,
			);
			path = "Preview Content";
			sourceTree = "<group>";
		};
		A62AEEF42B967468003ECB8E /* quotimalTests */ = {
			isa = PBXGroup;
			children = (
				A62AEEF52B967468003ECB8E /* quotimalTests.swift */,
			);
			path = quotimalTests;
			sourceTree = "<group>";
		};
		A62AEEFE2B967468003ECB8E /* quotimalUITests */ = {
			isa = PBXGroup;
			children = (
				A62AEEFF2B967468003ECB8E /* quotimalUITests.swift */,
				A62AEF012B967468003ECB8E /* quotimalUITestsLaunchTests.swift */,
			);
			path = quotimalUITests;
			sourceTree = "<group>";
		};
/* End PBXGroup section */

/* Begin PBXNativeTarget section */
		A62AEEE02B967466003ECB8E /* quotimal */ = {
			isa = PBXNativeTarget;
			buildConfigurationList = A62AEF052B967468003ECB8E /* Build configuration list for PBXNativeTarget "quotimal" */;
			buildPhases = (
				A62AEEDD2B967466003ECB8E /* Sources */,
				A62AEEDE2B967466003ECB8E /* Frameworks */,
				A62AEEDF2B967466003ECB8E /* Resources */,
			);
			buildRules = (
			);
			dependencies = (
			);
			name = quotimal;
			productName = quotimal;
			productReference = A62AEEE12B967466003ECB8E /* quotimal.app */;
			productType = "com.apple.product-type.application";
		};
		A62AEEF02B967468003ECB8E /* quotimalTests */ = {
			isa = PBXNativeTarget;
			buildConfigurationList = A62AEF082B967468003ECB8E /* Build configuration list for PBXNativeTarget "quotimalTests" */;
			buildPhases = (
				A62AEEED2B967468003ECB8E /* Sources */,
				A62AEEEE2B967468003ECB8E /* Frameworks */,
				A62AEEEF2B967468003ECB8E /* Resources */,
			);
			buildRules = (
			);
			dependencies = (
				A62AEEF32B967468003ECB8E /* PBXTargetDependency */,
			);
			name = quotimalTests;
			productName = quotimalTests;
			productReference = A62AEEF12B967468003ECB8E /* quotimalTests.xctest */;
			productType = "com.apple.product-type.bundle.unit-test";
		};
		A62AEEFA2B967468003ECB8E /* quotimalUITests */ = {
			isa = PBXNativeTarget;
			buildConfigurationList = A62AEF0B2B967468003ECB8E /* Build configuration list for PBXNativeTarget "quotimalUITests" */;
			buildPhases = (
				A62AEEF72B967468003ECB8E /* Sources */,
				A62AEEF82B967468003ECB8E /* Frameworks */,
				A62AEEF92B967468003ECB8E /* Resources */,
			);
			buildRules = (
			);
			dependencies = (
				A62AEEFD2B967468003ECB8E /* PBXTargetDependency */,
			);
			name = quotimalUITests;
			productName = quotimalUITests;
			productReference = A62AEEFB2B967468003ECB8E /* quotimalUITests.xctest */;
			productType = "com.apple.product-type.bundle.ui-testing";
		};
/* End PBXNativeTarget section */

/* Begin PBXProject section */
		A62AEED92B967466003ECB8E /* Project object */ = {
			isa = PBXProject;
			attributes = {
				BuildIndependentTargetsInParallel = 1;
				LastSwiftUpdateCheck = 1500;
				LastUpgradeCheck = 1500;
				TargetAttributes = {
					A62AEEE02B967466003ECB8E = {
						CreatedOnToolsVersion = 15.0;
					};
					A62AEEF02B967468003ECB8E = {
						CreatedOnToolsVersion = 15.0;
						TestTargetID = A62AEEE02B967466003ECB8E;
					};
					A62AEEFA2B967468003ECB8E = {
						CreatedOnToolsVersion = 15.0;
						TestTargetID = A62AEEE02B967466003ECB8E;
					};
				};
			};
			buildConfigurationList = A62AEEDC2B967466003ECB8E /* Build configuration list for PBXProject "quotimal" */;
			compatibilityVersion = "Xcode 14.0";
			developmentRegion = en;
			hasScannedForEncodings = 0;
			knownRegions = (
				en,
				Base,
			);
			mainGroup = A62AEED82B967466003ECB8E;
			productRefGroup = A62AEEE22B967466003ECB8E /* Products */;
			projectDirPath = "";
			projectRoot = "";
			targets = (
				A62AEEE02B967466003ECB8E /* quotimal */,
				A62AEEF02B967468003ECB8E /* quotimalTests */,
				A62AEEFA2B967468003ECB8E /* quotimalUITests */,
			);
		};
/* End PBXProject section */

/* Begin PBXResourcesBuildPhase section */
		A62AEEDF2B967466003ECB8E /* Resources */ = {
			isa = PBXResourcesBuildPhase;
			buildActionMask = 2147483647;
			files = (
				A62AEEEC2B967467003ECB8E /* Preview Assets.xcassets in Resources */,
				A62AEEE92B967467003ECB8E /* Assets.xcassets in Resources */,
			);
			runOnlyForDeploymentPostprocessing = 0;
		};
		A62AEEEF2B967468003ECB8E /* Resources */ = {
			isa = PBXResourcesBuildPhase;
			buildActionMask = 2147483647;
			files = (
			);
			runOnlyForDeploymentPostprocessing = 0;
		};
		A62AEEF92B967468003ECB8E /* Resources */ = {
			isa = PBXResourcesBuildPhase;
			buildActionMask = 2147483647;
			files = (
			);
			runOnlyForDeploymentPostprocessing = 0;
		};
/* End PBXResourcesBuildPhase section */

/* Begin PBXSourcesBuildPhase section */
		A62AEEDD2B967466003ECB8E /* Sources */ = {
			isa = PBXSourcesBuildPhase;
			buildActionMask = 2147483647;
			files = (
				A62AEEE72B967466003ECB8E /* ContentView.swift in Sources */,
				A62AEEE52B967466003ECB8E /* quotimalApp.swift in Sources */,
			);
			runOnlyForDeploymentPostprocessing = 0;
		};
		A62AEEED2B967468003ECB8E /* Sources */ = {
			isa = PBXSourcesBuildPhase;
			buildActionMask = 2147483647;
			files = (
				A62AEEF62B967468003ECB8E /* quotimalTests.swift in Sources */,
			);
			runOnlyForDeploymentPostprocessing = 0;
		};
		A62AEEF72B967468003ECB8E /* Sources */ = {
			isa = PBXSourcesBuildPhase;
			buildActionMask = 2147483647;
			files = (
				A62AEF022B967468003ECB8E /* quotimalUITestsLaunchTests.swift in Sources */,
				A62AEF002B967468003ECB8E /* quotimalUITests.swift in Sources */,
			);
			runOnlyForDeploymentPostprocessing = 0;
		};
/* End PBXSourcesBuildPhase section */

/* Begin PBXTargetDependency section */
		A62AEEF32B967468003ECB8E /* PBXTargetDependency */ = {
			isa = PBXTargetDependency;
			target = A62AEEE02B967466003ECB8E /* quotimal */;
			targetProxy = A62AEEF22B967468003ECB8E /* PBXContainerItemProxy */;
		};
		A62AEEFD2B967468003ECB8E /* PBXTargetDependency */ = {
			isa = PBXTargetDependency;
			target = A62AEEE02B967466003ECB8E /* quotimal */;
			targetProxy = A62AEEFC2B967468003ECB8E /* PBXContainerItemProxy */;
		};
/* End PBXTargetDependency section */

/* Begin XCBuildConfiguration section */
		A62AEF032B967468003ECB8E /* Debug */ = {
			isa = XCBuildConfiguration;
			buildSettings = {
				ALWAYS_SEARCH_USER_PATHS = NO;
				ASSETCATALOG_COMPILER_GENERATE_SWIFT_ASSET_SYMBOL_EXTENSIONS = YES;
				CLANG_ANALYZER_NONNULL = YES;
				CLANG_ANALYZER_NUMBER_OBJECT_CONVERSION = YES_AGGRESSIVE;
				CLANG_CXX_LANGUAGE_STANDARD = "gnu++20";
				CLANG_ENABLE_MODULES = YES;
				CLANG_ENABLE_OBJC_ARC = YES;
				CLANG_ENABLE_OBJC_WEAK = YES;
				CLANG_WARN_BLOCK_CAPTURE_AUTORELEASING = YES;
				CLANG_WARN_BOOL_CONVERSION = YES;
				CLANG_WARN_COMMA = YES;
				CLANG_WARN_CONSTANT_CONVERSION = YES;
				CLANG_WARN_DEPRECATED_OBJC_IMPLEMENTATIONS = YES;
				CLANG_WARN_DIRECT_OBJC_ISA_USAGE = YES_ERROR;
				CLANG_WARN_DOCUMENTATION_COMMENTS = YES;
				CLANG_WARN_EMPTY_BODY = YES;
				CLANG_WARN_ENUM_CONVERSION = YES;
				CLANG_WARN_INFINITE_RECURSION = YES;
				CLANG_WARN_INT_CONVERSION = YES;
				CLANG_WARN_NON_LITERAL_NULL_CONVERSION = YES;
				CLANG_WARN_OBJC_IMPLICIT_RETAIN_SELF = YES;
				CLANG_WARN_OBJC_LITERAL_CONVERSION = YES;
				CLANG_WARN_OBJC_ROOT_CLASS = YES_ERROR;
				CLANG_WARN_QUOTED_INCLUDE_IN_FRAMEWORK_HEADER = YES;
				CLANG_WARN_RANGE_LOOP_ANALYSIS = YES;
				CLANG_WARN_STRICT_PROTOTYPES = YES;
				CLANG_WARN_SUSPICIOUS_MOVE = YES;
				CLANG_WARN_UNGUARDED_AVAILABILITY = YES_AGGRESSIVE;
				CLANG_WARN_UNREACHABLE_CODE = YES;
				CLANG_WARN__DUPLICATE_METHOD_MATCH = YES;
				COPY_PHASE_STRIP = NO;
				DEBUG_INFORMATION_FORMAT = dwarf;
				ENABLE_STRICT_OBJC_MSGSEND = YES;
				ENABLE_TESTABILITY = YES;
				ENABLE_USER_SCRIPT_SANDBOXING = YES;
				GCC_C_LANGUAGE_STANDARD = gnu17;
				GCC_DYNAMIC_NO_PIC = NO;
				GCC_NO_COMMON_BLOCKS = YES;
				GCC_OPTIMIZATION_LEVEL = 0;
				GCC_PREPROCESSOR_DEFINITIONS = (
					"DEBUG=1",
					"$(inherited)",
				);
				GCC_WARN_64_TO_32_BIT_CONVERSION = YES;
				GCC_WARN_ABOUT_RETURN_TYPE = YES_ERROR;
				GCC_WARN_UNDECLARED_SELECTOR = YES;
				GCC_WARN_UNINITIALIZED_AUTOS = YES_AGGRESSIVE;
				GCC_WARN_UNUSED_FUNCTION = YES;
				GCC_WARN_UNUSED_VARIABLE = YES;
				IPHONEOS_DEPLOYMENT_TARGET = 17.0;
				LOCALIZATION_PREFERS_STRING_CATALOGS = YES;
				MTL_ENABLE_DEBUG_INFO = INCLUDE_SOURCE;
				MTL_FAST_MATH = YES;
				ONLY_ACTIVE_ARCH = YES;
				SDKROOT = iphoneos;
				SWIFT_ACTIVE_COMPILATION_CONDITIONS = "DEBUG $(inherited)";
				SWIFT_OPTIMIZATION_LEVEL = "-Onone";
			};
			name = Debug;
		};
		A62AEF042B967468003ECB8E /* Release */ = {
			isa = XCBuildConfiguration;
			buildSettings = {
				ALWAYS_SEARCH_USER_PATHS = NO;
				ASSETCATALOG_COMPILER_GENERATE_SWIFT_ASSET_SYMBOL_EXTENSIONS = YES;
				CLANG_ANALYZER_NONNULL = YES;
				CLANG_ANALYZER_NUMBER_OBJECT_CONVERSION = YES_AGGRESSIVE;
				CLANG_CXX_LANGUAGE_STANDARD = "gnu++20";
				CLANG_ENABLE_MODULES = YES;
				CLANG_ENABLE_OBJC_ARC = YES;
				CLANG_ENABLE_OBJC_WEAK = YES;
				CLANG_WARN_BLOCK_CAPTURE_AUTORELEASING = YES;
				CLANG_WARN_BOOL_CONVERSION = YES;
				CLANG_WARN_COMMA = YES;
				CLANG_WARN_CONSTANT_CONVERSION = YES;
				CLANG_WARN_DEPRECATED_OBJC_IMPLEMENTATIONS = YES;
				CLANG_WARN_DIRECT_OBJC_ISA_USAGE = YES_ERROR;
				CLANG_WARN_DOCUMENTATION_COMMENTS = YES;
				CLANG_WARN_EMPTY_BODY = YES;
				CLANG_WARN_ENUM_CONVERSION = YES;
				CLANG_WARN_INFINITE_RECURSION = YES;
				CLANG_WARN_INT_CONVERSION = YES;
				CLANG_WARN_NON_LITERAL_NULL_CONVERSION = YES;
				CLANG_WARN_OBJC_IMPLICIT_RETAIN_SELF = YES;
				CLANG_WARN_OBJC_LITERAL_CONVERSION = YES;
				CLANG_WARN_OBJC_ROOT_CLASS = YES_ERROR;
				CLANG_WARN_QUOTED_INCLUDE_IN_FRAMEWORK_HEADER = YES;
				CLANG_WARN_RANGE_LOOP_ANALYSIS = YES;
				CLANG_WARN_STRICT_PROTOTYPES = YES;
				CLANG_WARN_SUSPICIOUS_MOVE = YES;
				CLANG_WARN_UNGUARDED_AVAILABILITY = YES_AGGRESSIVE;
				CLANG_WARN_UNREACHABLE_CODE = YES;
				CLANG_WARN__DUPLICATE_METHOD_MATCH = YES;
				COPY_PHASE_STRIP = NO;
				DEBUG_INFORMATION_FORMAT = "dwarf-with-dsym";
				ENABLE_NS_ASSERTIONS = NO;
				ENABLE_STRICT_OBJC_MSGSEND = YES;
				ENABLE_USER_SCRIPT_SANDBOXING = YES;
				GCC_C_LANGUAGE_STANDARD = gnu17;
				GCC_NO_COMMON_BLOCKS = YES;
				GCC_WARN_64_TO_32_BIT_CONVERSION = YES;
				GCC_WARN_ABOUT_RETURN_TYPE = YES_ERROR;
				GCC_WARN_UNDECLARED_SELECTOR = YES;
				GCC_WARN_UNINITIALIZED_AUTOS = YES_AGGRESSIVE;
				GCC_WARN_UNUSED_FUNCTION = YES;
				GCC_WARN_UNUSED_VARIABLE = YES;
				IPHONEOS_DEPLOYMENT_TARGET = 17.0;
				LOCALIZATION_PREFERS_STRING_CATALOGS = YES;
				MTL_ENABLE_DEBUG_INFO = NO;
				MTL_FAST_MATH = YES;
				SDKROOT = iphoneos;
				SWIFT_COMPILATION_MODE = wholemodule;
				VALIDATE_PRODUCT = YES;
			};
			name = Release;
		};
		A62AEF062B967468003ECB8E /* Debug */ = {
			isa = XCBuildConfiguration;
			buildSettings = {
				ASSETCATALOG_COMPILER_APPICON_NAME = AppIcon;
				ASSETCATALOG_COMPILER_GLOBAL_ACCENT_COLOR_NAME = AccentColor;
				CODE_SIGN_STYLE = Automatic;
				CURRENT_PROJECT_VERSION = 1;
				DEVELOPMENT_ASSET_PATHS = "\"quotimal/Preview Content\"";
				DEVELOPMENT_TEAM = W2JF53KH24;
				ENABLE_PREVIEWS = YES;
				GENERATE_INFOPLIST_FILE = YES;
				INFOPLIST_KEY_UIApplicationSceneManifest_Generation = YES;
				INFOPLIST_KEY_UIApplicationSupportsIndirectInputEvents = YES;
				INFOPLIST_KEY_UILaunchScreen_Generation = YES;
				INFOPLIST_KEY_UISupportedInterfaceOrientations_iPad = "UIInterfaceOrientationPortrait UIInterfaceOrientationPortraitUpsideDown UIInterfaceOrientationLandscapeLeft UIInterfaceOrientationLandscapeRight";
				INFOPLIST_KEY_UISupportedInterfaceOrientations_iPhone = "UIInterfaceOrientationPortrait UIInterfaceOrientationLandscapeLeft UIInterfaceOrientationLandscapeRight";
				LD_RUNPATH_SEARCH_PATHS = (
					"$(inherited)",
					"@executable_path/Frameworks",
				);
				MARKETING_VERSION = 1.0;
				PRODUCT_BUNDLE_IDENTIFIER = com.newlibre.quotimal;
				PRODUCT_NAME = "$(TARGET_NAME)";
				SWIFT_EMIT_LOC_STRINGS = YES;
				SWIFT_VERSION = 5.0;
				TARGETED_DEVICE_FAMILY = "1,2";
			};
			name = Debug;
		};
		A62AEF072B967468003ECB8E /* Release */ = {
			isa = XCBuildConfiguration;
			buildSettings = {
				ASSETCATALOG_COMPILER_APPICON_NAME = AppIcon;
				ASSETCATALOG_COMPILER_GLOBAL_ACCENT_COLOR_NAME = AccentColor;
				CODE_SIGN_STYLE = Automatic;
				CURRENT_PROJECT_VERSION = 1;
				DEVELOPMENT_ASSET_PATHS = "\"quotimal/Preview Content\"";
				DEVELOPMENT_TEAM = W2JF53KH24;
				ENABLE_PREVIEWS = YES;
				GENERATE_INFOPLIST_FILE = YES;
				INFOPLIST_KEY_UIApplicationSceneManifest_Generation = YES;
				INFOPLIST_KEY_UIApplicationSupportsIndirectInputEvents = YES;
				INFOPLIST_KEY_UILaunchScreen_Generation = YES;
				INFOPLIST_KEY_UISupportedInterfaceOrientations_iPad = "UIInterfaceOrientationPortrait UIInterfaceOrientationPortraitUpsideDown UIInterfaceOrientationLandscapeLeft UIInterfaceOrientationLandscapeRight";
				INFOPLIST_KEY_UISupportedInterfaceOrientations_iPhone = "UIInterfaceOrientationPortrait UIInterfaceOrientationLandscapeLeft UIInterfaceOrientationLandscapeRight";
				LD_RUNPATH_SEARCH_PATHS = (
					"$(inherited)",
					"@executable_path/Frameworks",
				);
				MARKETING_VERSION = 1.0;
				PRODUCT_BUNDLE_IDENTIFIER = com.newlibre.quotimal;
				PRODUCT_NAME = "$(TARGET_NAME)";
				SWIFT_EMIT_LOC_STRINGS = YES;
				SWIFT_VERSION = 5.0;
				TARGETED_DEVICE_FAMILY = "1,2";
			};
			name = Release;
		};
		A62AEF092B967468003ECB8E /* Debug */ = {
			isa = XCBuildConfiguration;
			buildSettings = {
				ALWAYS_EMBED_SWIFT_STANDARD_LIBRARIES = YES;
				BUNDLE_LOADER = "$(TEST_HOST)";
				CODE_SIGN_STYLE = Automatic;
				CURRENT_PROJECT_VERSION = 1;
				DEVELOPMENT_TEAM = 2SRF5TLB8K;
				GENERATE_INFOPLIST_FILE = YES;
				IPHONEOS_DEPLOYMENT_TARGET = 17.0;
				MARKETING_VERSION = 1.0;
				PRODUCT_BUNDLE_IDENTIFIER = com.newlibre.quotimalTests;
				PRODUCT_NAME = "$(TARGET_NAME)";
				SWIFT_EMIT_LOC_STRINGS = NO;
				SWIFT_VERSION = 5.0;
				TARGETED_DEVICE_FAMILY = "1,2";
				TEST_HOST = "$(BUILT_PRODUCTS_DIR)/quotimal.app/$(BUNDLE_EXECUTABLE_FOLDER_PATH)/quotimal";
			};
			name = Debug;
		};
		A62AEF0A2B967468003ECB8E /* Release */ = {
			isa = XCBuildConfiguration;
			buildSettings = {
				ALWAYS_EMBED_SWIFT_STANDARD_LIBRARIES = YES;
				BUNDLE_LOADER = "$(TEST_HOST)";
				CODE_SIGN_STYLE = Automatic;
				CURRENT_PROJECT_VERSION = 1;
				DEVELOPMENT_TEAM = 2SRF5TLB8K;
				GENERATE_INFOPLIST_FILE = YES;
				IPHONEOS_DEPLOYMENT_TARGET = 17.0;
				MARKETING_VERSION = 1.0;
				PRODUCT_BUNDLE_IDENTIFIER = com.newlibre.quotimalTests;
				PRODUCT_NAME = "$(TARGET_NAME)";
				SWIFT_EMIT_LOC_STRINGS = NO;
				SWIFT_VERSION = 5.0;
				TARGETED_DEVICE_FAMILY = "1,2";
				TEST_HOST = "$(BUILT_PRODUCTS_DIR)/quotimal.app/$(BUNDLE_EXECUTABLE_FOLDER_PATH)/quotimal";
			};
			name = Release;
		};
		A62AEF0C2B967468003ECB8E /* Debug */ = {
			isa = XCBuildConfiguration;
			buildSettings = {
				ALWAYS_EMBED_SWIFT_STANDARD_LIBRARIES = YES;
				CODE_SIGN_STYLE = Automatic;
				CURRENT_PROJECT_VERSION = 1;
				DEVELOPMENT_TEAM = 2SRF5TLB8K;
				GENERATE_INFOPLIST_FILE = YES;
				MARKETING_VERSION = 1.0;
				PRODUCT_BUNDLE_IDENTIFIER = com.newlibre.quotimalUITests;
				PRODUCT_NAME = "$(TARGET_NAME)";
				SWIFT_EMIT_LOC_STRINGS = NO;
				SWIFT_VERSION = 5.0;
				TARGETED_DEVICE_FAMILY = "1,2";
				TEST_TARGET_NAME = quotimal;
			};
			name = Debug;
		};
		A62AEF0D2B967468003ECB8E /* Release */ = {
			isa = XCBuildConfiguration;
			buildSettings = {
				ALWAYS_EMBED_SWIFT_STANDARD_LIBRARIES = YES;
				CODE_SIGN_STYLE = Automatic;
				CURRENT_PROJECT_VERSION = 1;
				DEVELOPMENT_TEAM = 2SRF5TLB8K;
				GENERATE_INFOPLIST_FILE = YES;
				MARKETING_VERSION = 1.0;
				PRODUCT_BUNDLE_IDENTIFIER = com.newlibre.quotimalUITests;
				PRODUCT_NAME = "$(TARGET_NAME)";
				SWIFT_EMIT_LOC_STRINGS = NO;
				SWIFT_VERSION = 5.0;
				TARGETED_DEVICE_FAMILY = "1,2";
				TEST_TARGET_NAME = quotimal;
			};
			name = Release;
		};
/* End XCBuildConfiguration section */

/* Begin XCConfigurationList section */
		A62AEEDC2B967466003ECB8E /* Build configuration list for PBXProject "quotimal" */ = {
			isa = XCConfigurationList;
			buildConfigurations = (
				A62AEF032B967468003ECB8E /* Debug */,
				A62AEF042B967468003ECB8E /* Release */,
			);
			defaultConfigurationIsVisible = 0;
			defaultConfigurationName = Release;
		};
		A62AEF052B967468003ECB8E /* Build configuration list for PBXNativeTarget "quotimal" */ = {
			isa = XCConfigurationList;
			buildConfigurations = (
				A62AEF062B967468003ECB8E /* Debug */,
				A62AEF072B967468003ECB8E /* Release */,
			);
			defaultConfigurationIsVisible = 0;
			defaultConfigurationName = Release;
		};
		A62AEF082B967468003ECB8E /* Build configuration list for PBXNativeTarget "quotimalTests" */ = {
			isa = XCConfigurationList;
			buildConfigurations = (
				A62AEF092B967468003ECB8E /* Debug */,
				A62AEF0A2B967468003ECB8E /* Release */,
			);
			defaultConfigurationIsVisible = 0;
			defaultConfigurationName = Release;
		};
		A62AEF0B2B967468003ECB8E /* Build configuration list for PBXNativeTarget "quotimalUITests" */ = {
			isa = XCConfigurationList;
			buildConfigurations = (
				A62AEF0C2B967468003ECB8E /* Debug */,
				A62AEF0D2B967468003ECB8E /* Release */,
			);
			defaultConfigurationIsVisible = 0;
			defaultConfigurationName = Release;
		};
/* End XCConfigurationList section */
	};
	rootObject = A62AEED92B967466003ECB8E /* Project object */;
}
